
Microsoft Visual Studio Solution File, Format Version 12.00
# Visual Studio 14
VisualStudioVersion = 14.0.25420.1
MinimumVisualStudioVersion = 10.0.40219.1
Project("{FAE04EC0-301F-11D3-BF4B-00C04F79EFBC}") = "PropriedadesDinamicamente", "DynamicallySetProperty\PropriedadesDinamicamente.csproj", "{2FE2FEC3-BE8D-418D-AE5B-291DE4A18213}"
EndProject
Project("{FAE04EC0-301F-11D3-BF4B-00C04F79EFBC}") = "ModelosCompartilhados", "ModelosCompartilhados\ModelosCompartilhados.csproj", "{2377CF87-1BCE-460E-AD3E-FB4A9A7A7408}"
EndProject
Global
	GlobalSection(SolutionConfigurationPlatforms) = preSolution
		Debug|Any CPU = Debug|Any CPU
		Release|Any CPU = Release|Any CPU
	EndGlobalSection
	GlobalSection(ProjectConfigurationPlatforms) = postSolution
		{2FE2FEC3-BE8D-418D-AE5B-291DE4A18213}.Debug|Any CPU.ActiveCfg = Debug|Any CPU
		{2FE2FEC3-BE8D-418D-AE5B-291DE4A18213}.Debug|Any CPU.Build.0 = Debug|Any CPU
		{2FE2FEC3-BE8D-418D-AE5B-291DE4A18213}.Release|Any CPU.ActiveCfg = Release|Any CPU
		{2FE2FEC3-BE8D-418D-AE5B-291DE4A18213}.Release|Any CPU.Build.0 = Release|Any CPU
		{2377CF87-1BCE-460E-AD3E-FB4A9A7A7408}.Debug|Any CPU.ActiveCfg = Debug|Any CPU
		{2377CF87-1BCE-460E-AD3E-FB4A9A7A7408}.Debug|Any CPU.Build.0 = Debug|Any CPU
		{2377CF87-1BCE-460E-AD3E-FB4A9A7A7408}.Release|Any CPU.ActiveCfg = Release|Any CPU
		{2377CF87-1BCE-460E-AD3E-FB4A9A7A7408}.Release|Any CPU.Build.0 = Release|Any CPU
	EndGlobalSection
	GlobalSection(SolutionProperties) = preSolution
		HideSolutionNode = FALSE
	EndGlobalSection
EndGlobal
